
Microsoft Visual Studio Solution File, Format Version 12.00
# Visual Studio 15
Project("{FAE04EC0-301F-11D3-BF4B-00C04F79EFBC}") = "NavMeshRuins", "NavMeshRuins.csproj", "{C419CC5E-C8FE-E039-D28D-4E76D9025391}"
EndProject
Project("{FAE04EC0-301F-11D3-BF4B-00C04F79EFBC}") = "NavMeshRuins.Editor", "NavMeshRuins.Editor.csproj", "{DDE90002-91F0-760A-9D4C-7FA4A8D0A7E1}"
EndProject
Global
	GlobalSection(SolutionConfigurationPlatforms) = preSolution
		Debug|Any CPU = Debug|Any CPU
		Release|Any CPU = Release|Any CPU
	EndGlobalSection
	GlobalSection(ProjectConfigurationPlatforms) = postSolution
		{C419CC5E-C8FE-E039-D28D-4E76D9025391}.Debug|Any CPU.ActiveCfg = Debug|Any CPU
		{C419CC5E-C8FE-E039-D28D-4E76D9025391}.Debug|Any CPU.Build.0 = Debug|Any CPU
		{C419CC5E-C8FE-E039-D28D-4E76D9025391}.Release|Any CPU.ActiveCfg = Release|Any CPU
		{C419CC5E-C8FE-E039-D28D-4E76D9025391}.Release|Any CPU.Build.0 = Release|Any CPU
		{DDE90002-91F0-760A-9D4C-7FA4A8D0A7E1}.Debug|Any CPU.ActiveCfg = Debug|Any CPU
		{DDE90002-91F0-760A-9D4C-7FA4A8D0A7E1}.Debug|Any CPU.Build.0 = Debug|Any CPU
		{DDE90002-91F0-760A-9D4C-7FA4A8D0A7E1}.Release|Any CPU.ActiveCfg = Release|Any CPU
		{DDE90002-91F0-760A-9D4C-7FA4A8D0A7E1}.Release|Any CPU.Build.0 = Release|Any CPU
	EndGlobalSection
	GlobalSection(SolutionProperties) = preSolution
		HideSolutionNode = FALSE
	EndGlobalSection
EndGlobal
